
Microsoft Visual Studio Solution File, Format Version 12.00
# Visual Studio Version 16
VisualStudioVersion = 16.0.30413.136
MinimumVisualStudioVersion = 10.0.40219.1
Project("{FAE04EC0-301F-11D3-BF4B-00C04F79EFBC}") = "TriangleExceptionApp.App", "TriangleExceptionApp.App.csproj", "{674E8F7F-7991-46BF-9E09-8C139D72BDF9}"
EndProject
Project("{FAE04EC0-301F-11D3-BF4B-00C04F79EFBC}") = "TriangleExceptions.Lib", "..\..\TriangleExceptions.Lib\TriangleExceptions.Lib\TriangleExceptions.Lib.csproj", "{DDA556C3-57F8-4DCA-B37E-39284C678C8D}"
EndProject
Global
	GlobalSection(SolutionConfigurationPlatforms) = preSolution
		Debug|Any CPU = Debug|Any CPU
		Release|Any CPU = Release|Any CPU
	EndGlobalSection
	GlobalSection(ProjectConfigurationPlatforms) = postSolution
		{674E8F7F-7991-46BF-9E09-8C139D72BDF9}.Debug|Any CPU.ActiveCfg = Debug|Any CPU
		{674E8F7F-7991-46BF-9E09-8C139D72BDF9}.Debug|Any CPU.Build.0 = Debug|Any CPU
		{674E8F7F-7991-46BF-9E09-8C139D72BDF9}.Release|Any CPU.ActiveCfg = Release|Any CPU
		{674E8F7F-7991-46BF-9E09-8C139D72BDF9}.Release|Any CPU.Build.0 = Release|Any CPU
		{DDA556C3-57F8-4DCA-B37E-39284C678C8D}.Debug|Any CPU.ActiveCfg = Debug|Any CPU
		{DDA556C3-57F8-4DCA-B37E-39284C678C8D}.Debug|Any CPU.Build.0 = Debug|Any CPU
		{DDA556C3-57F8-4DCA-B37E-39284C678C8D}.Release|Any CPU.ActiveCfg = Release|Any CPU
		{DDA556C3-57F8-4DCA-B37E-39284C678C8D}.Release|Any CPU.Build.0 = Release|Any CPU
	EndGlobalSection
	GlobalSection(SolutionProperties) = preSolution
		HideSolutionNode = FALSE
	EndGlobalSection
	GlobalSection(ExtensibilityGlobals) = postSolution
		SolutionGuid = {3D7A0C72-2F5C-4EB1-8D10-86AA241F949C}
	EndGlobalSection
EndGlobal
